
Microsoft Visual Studio Solution File, Format Version 12.00
# Visual Studio Version 17
VisualStudioVersion = 17.1.32421.90
MinimumVisualStudioVersion = 10.0.40219.1
Project("{FAE04EC0-301F-11D3-BF4B-00C04F79EFBC}") = "ITP1_3_A", "ITP1_3_A\ITP1_3_A.csproj", "{15453B5B-7B59-4036-85EB-82E58DC35A3B}"
EndProject
Global
	GlobalSection(SolutionConfigurationPlatforms) = preSolution
		Debug|Any CPU = Debug|Any CPU
		Release|Any CPU = Release|Any CPU
	EndGlobalSection
	GlobalSection(ProjectConfigurationPlatforms) = postSolution
		{15453B5B-7B59-4036-85EB-82E58DC35A3B}.Debug|Any CPU.ActiveCfg = Debug|Any CPU
		{15453B5B-7B59-4036-85EB-82E58DC35A3B}.Debug|Any CPU.Build.0 = Debug|Any CPU
		{15453B5B-7B59-4036-85EB-82E58DC35A3B}.Release|Any CPU.ActiveCfg = Release|Any CPU
		{15453B5B-7B59-4036-85EB-82E58DC35A3B}.Release|Any CPU.Build.0 = Release|Any CPU
	EndGlobalSection
	GlobalSection(SolutionProperties) = preSolution
		HideSolutionNode = FALSE
	EndGlobalSection
	GlobalSection(ExtensibilityGlobals) = postSolution
		SolutionGuid = {BF76FBE5-F3BF-4EA8-AFE2-AE8780ECBC9E}
	EndGlobalSection
EndGlobal
